
Microsoft Visual Studio Solution File, Format Version 12.00
# Visual Studio 15
VisualStudioVersion = 15.0.28010.0
MinimumVisualStudioVersion = 10.0.40219.1
Project("{F2A71F9B-5D33-465A-A702-920D77279786}") = "CK.DirectoryPush", "CK.DirectoryPush\CK.DirectoryPush.fsproj", "{ECE4BAA9-653C-437B-899F-2DE486A472D8}"
EndProject
Global
	GlobalSection(SolutionConfigurationPlatforms) = preSolution
		Debug|Any CPU = Debug|Any CPU
		Release|Any CPU = Release|Any CPU
	EndGlobalSection
	GlobalSection(ProjectConfigurationPlatforms) = postSolution
		{ECE4BAA9-653C-437B-899F-2DE486A472D8}.Debug|Any CPU.ActiveCfg = Debug|Any CPU
		{ECE4BAA9-653C-437B-899F-2DE486A472D8}.Debug|Any CPU.Build.0 = Debug|Any CPU
		{ECE4BAA9-653C-437B-899F-2DE486A472D8}.Release|Any CPU.ActiveCfg = Release|Any CPU
		{ECE4BAA9-653C-437B-899F-2DE486A472D8}.Release|Any CPU.Build.0 = Release|Any CPU
	EndGlobalSection
	GlobalSection(SolutionProperties) = preSolution
		HideSolutionNode = FALSE
	EndGlobalSection
	GlobalSection(ExtensibilityGlobals) = postSolution
		SolutionGuid = {F43C9FAE-9A3A-4FB8-A779-4851BB6CE08D}
	EndGlobalSection
EndGlobal
